// !$*UTF8*$!
{
	archiveVersion = 1;
	classes = {
	};
	objectVersion = 56;
	objects = {

/* Begin PBXBuildFile section */
		992194D12AE7EEEC00FAB0CC /* AppDelegate.swift in Sources */ = {isa = PBXBuildFile; fileRef = 992194D02AE7EEEC00FAB0CC /* AppDelegate.swift */; };
		992194D32AE7EEEC00FAB0CC /* SceneDelegate.swift in Sources */ = {isa = PBXBuildFile; fileRef = 992194D22AE7EEEC00FAB0CC /* SceneDelegate.swift */; };
		992194DD2AE7EEEE00FAB0CC /* Assets.xcassets in Resources */ = {isa = PBXBuildFile; fileRef = 992194DC2AE7EEEE00FAB0CC /* Assets.xcassets */; };
		992194EB2AE7EEEE00FAB0CC /* iOSAvanzadoTests.swift in Sources */ = {isa = PBXBuildFile; fileRef = 992194EA2AE7EEEE00FAB0CC /* iOSAvanzadoTests.swift */; };
		992194F52AE7EEEE00FAB0CC /* iOSAvanzadoUITests.swift in Sources */ = {isa = PBXBuildFile; fileRef = 992194F42AE7EEEE00FAB0CC /* iOSAvanzadoUITests.swift */; };
		992194F72AE7EEEE00FAB0CC /* iOSAvanzadoUITestsLaunchTests.swift in Sources */ = {isa = PBXBuildFile; fileRef = 992194F62AE7EEEE00FAB0CC /* iOSAvanzadoUITestsLaunchTests.swift */; };
		992195052AE7F1A000FAB0CC /* KeychainSwift in Frameworks */ = {isa = PBXBuildFile; productRef = 992195042AE7F1A000FAB0CC /* KeychainSwift */; };
		992195082AE7F1D200FAB0CC /* Kingfisher in Frameworks */ = {isa = PBXBuildFile; productRef = 992195072AE7F1D200FAB0CC /* Kingfisher */; };
		9921950E2AE7F23E00FAB0CC /* ApiProvider.swift in Sources */ = {isa = PBXBuildFile; fileRef = 9921950D2AE7F23E00FAB0CC /* ApiProvider.swift */; };
		992195102AE7F27B00FAB0CC /* SecureDataProvider.swift in Sources */ = {isa = PBXBuildFile; fileRef = 9921950F2AE7F27B00FAB0CC /* SecureDataProvider.swift */; };
		992195192AE7F30D00FAB0CC /* Hero.swift in Sources */ = {isa = PBXBuildFile; fileRef = 992195182AE7F30D00FAB0CC /* Hero.swift */; };
		9921951B2AE7F32200FAB0CC /* HeroLocation.swift in Sources */ = {isa = PBXBuildFile; fileRef = 9921951A2AE7F32200FAB0CC /* HeroLocation.swift */; };
		992195362AE7F35500FAB0CC /* SplashViewController.swift in Sources */ = {isa = PBXBuildFile; fileRef = 9921951E2AE7F35500FAB0CC /* SplashViewController.swift */; };
		992195372AE7F35500FAB0CC /* SplashViewModel.swift in Sources */ = {isa = PBXBuildFile; fileRef = 9921951F2AE7F35500FAB0CC /* SplashViewModel.swift */; };
		992195382AE7F35500FAB0CC /* Splash.storyboard in Resources */ = {isa = PBXBuildFile; fileRef = 992195202AE7F35500FAB0CC /* Splash.storyboard */; };
		992195392AE7F35500FAB0CC /* HeroesList.storyboard in Resources */ = {isa = PBXBuildFile; fileRef = 992195222AE7F35500FAB0CC /* HeroesList.storyboard */; };
		9921953A2AE7F35500FAB0CC /* HeroCellView.xib in Resources */ = {isa = PBXBuildFile; fileRef = 992195242AE7F35500FAB0CC /* HeroCellView.xib */; };
		9921953B2AE7F35500FAB0CC /* HeroCellView.swift in Sources */ = {isa = PBXBuildFile; fileRef = 992195252AE7F35500FAB0CC /* HeroCellView.swift */; };
		9921953C2AE7F35500FAB0CC /* HeroesListViewController.swift in Sources */ = {isa = PBXBuildFile; fileRef = 992195262AE7F35500FAB0CC /* HeroesListViewController.swift */; };
		9921953D2AE7F35500FAB0CC /* HeroesListViewModel.swift in Sources */ = {isa = PBXBuildFile; fileRef = 992195272AE7F35500FAB0CC /* HeroesListViewModel.swift */; };
		9921953E2AE7F35500FAB0CC /* LaunchScreen.storyboard in Resources */ = {isa = PBXBuildFile; fileRef = 992195292AE7F35500FAB0CC /* LaunchScreen.storyboard */; };
		9921953F2AE7F35500FAB0CC /* HeroAnnotation.swift in Sources */ = {isa = PBXBuildFile; fileRef = 9921952D2AE7F35500FAB0CC /* HeroAnnotation.swift */; };
		992195402AE7F35500FAB0CC /* HeroDetailViewModel.swift in Sources */ = {isa = PBXBuildFile; fileRef = 9921952E2AE7F35500FAB0CC /* HeroDetailViewModel.swift */; };
		992195412AE7F35500FAB0CC /* HeroDetailViewController.swift in Sources */ = {isa = PBXBuildFile; fileRef = 9921952F2AE7F35500FAB0CC /* HeroDetailViewController.swift */; };
		992195422AE7F35500FAB0CC /* HeroDetail.storyboard in Resources */ = {isa = PBXBuildFile; fileRef = 992195302AE7F35500FAB0CC /* HeroDetail.storyboard */; };
		992195432AE7F35500FAB0CC /* LoginViewModel.swift in Sources */ = {isa = PBXBuildFile; fileRef = 992195322AE7F35500FAB0CC /* LoginViewModel.swift */; };
		992195442AE7F35500FAB0CC /* Login.storyboard in Resources */ = {isa = PBXBuildFile; fileRef = 992195332AE7F35500FAB0CC /* Login.storyboard */; };
		992195452AE7F35500FAB0CC /* LoginViewController.swift in Sources */ = {isa = PBXBuildFile; fileRef = 992195352AE7F35500FAB0CC /* LoginViewController.swift */; };
		9921954D2AEA6D5F00FAB0CC /* iOSAvanzado.xcdatamodeld in Sources */ = {isa = PBXBuildFile; fileRef = 9921954B2AEA6D5F00FAB0CC /* iOSAvanzado.xcdatamodeld */; };
		992195572AEA960000FAB0CC /* HeroDAO.swift in Sources */ = {isa = PBXBuildFile; fileRef = 992195532AEA960000FAB0CC /* HeroDAO.swift */; };
		992195592AEA960000FAB0CC /* LocationDAO.swift in Sources */ = {isa = PBXBuildFile; fileRef = 992195552AEA960000FAB0CC /* LocationDAO.swift */; };
/* End PBXBuildFile section */

/* Begin PBXContainerItemProxy section */
		992194E72AE7EEEE00FAB0CC /* PBXContainerItemProxy */ = {
			isa = PBXContainerItemProxy;
			containerPortal = 992194C52AE7EEEC00FAB0CC /* Project object */;
			proxyType = 1;
			remoteGlobalIDString = 992194CC2AE7EEEC00FAB0CC;
			remoteInfo = iOSAvanzado;
		};
		992194F12AE7EEEE00FAB0CC /* PBXContainerItemProxy */ = {
			isa = PBXContainerItemProxy;
			containerPortal = 992194C52AE7EEEC00FAB0CC /* Project object */;
			proxyType = 1;
			remoteGlobalIDString = 992194CC2AE7EEEC00FAB0CC;
			remoteInfo = iOSAvanzado;
		};
/* End PBXContainerItemProxy section */

/* Begin PBXFileReference section */
		992194CD2AE7EEEC00FAB0CC /* iOSAvanzado.app */ = {isa = PBXFileReference; explicitFileType = wrapper.application; includeInIndex = 0; path = iOSAvanzado.app; sourceTree = BUILT_PRODUCTS_DIR; };
		992194D02AE7EEEC00FAB0CC /* AppDelegate.swift */ = {isa = PBXFileReference; lastKnownFileType = sourcecode.swift; path = AppDelegate.swift; sourceTree = "<group>"; };
		992194D22AE7EEEC00FAB0CC /* SceneDelegate.swift */ = {isa = PBXFileReference; lastKnownFileType = sourcecode.swift; path = SceneDelegate.swift; sourceTree = "<group>"; };
		992194DC2AE7EEEE00FAB0CC /* Assets.xcassets */ = {isa = PBXFileReference; lastKnownFileType = folder.assetcatalog; path = Assets.xcassets; sourceTree = "<group>"; };
		992194E12AE7EEEE00FAB0CC /* Info.plist */ = {isa = PBXFileReference; lastKnownFileType = text.plist.xml; path = Info.plist; sourceTree = "<group>"; };
		992194E62AE7EEEE00FAB0CC /* iOSAvanzadoTests.xctest */ = {isa = PBXFileReference; explicitFileType = wrapper.cfbundle; includeInIndex = 0; path = iOSAvanzadoTests.xctest; sourceTree = BUILT_PRODUCTS_DIR; };
		992194EA2AE7EEEE00FAB0CC /* iOSAvanzadoTests.swift */ = {isa = PBXFileReference; lastKnownFileType = sourcecode.swift; path = iOSAvanzadoTests.swift; sourceTree = "<group>"; };
		992194F02AE7EEEE00FAB0CC /* iOSAvanzadoUITests.xctest */ = {isa = PBXFileReference; explicitFileType = wrapper.cfbundle; includeInIndex = 0; path = iOSAvanzadoUITests.xctest; sourceTree = BUILT_PRODUCTS_DIR; };
		992194F42AE7EEEE00FAB0CC /* iOSAvanzadoUITests.swift */ = {isa = PBXFileReference; lastKnownFileType = sourcecode.swift; path = iOSAvanzadoUITests.swift; sourceTree = "<group>"; };
		992194F62AE7EEEE00FAB0CC /* iOSAvanzadoUITestsLaunchTests.swift */ = {isa = PBXFileReference; lastKnownFileType = sourcecode.swift; path = iOSAvanzadoUITestsLaunchTests.swift; sourceTree = "<group>"; };
		9921950D2AE7F23E00FAB0CC /* ApiProvider.swift */ = {isa = PBXFileReference; lastKnownFileType = sourcecode.swift; path = ApiProvider.swift; sourceTree = "<group>"; };
		9921950F2AE7F27B00FAB0CC /* SecureDataProvider.swift */ = {isa = PBXFileReference; lastKnownFileType = sourcecode.swift; path = SecureDataProvider.swift; sourceTree = "<group>"; };
		992195182AE7F30D00FAB0CC /* Hero.swift */ = {isa = PBXFileReference; lastKnownFileType = sourcecode.swift; path = Hero.swift; sourceTree = "<group>"; };
		9921951A2AE7F32200FAB0CC /* HeroLocation.swift */ = {isa = PBXFileReference; lastKnownFileType = sourcecode.swift; path = HeroLocation.swift; sourceTree = "<group>"; };
		9921951E2AE7F35500FAB0CC /* SplashViewController.swift */ = {isa = PBXFileReference; fileEncoding = 4; lastKnownFileType = sourcecode.swift; path = SplashViewController.swift; sourceTree = "<group>"; };
		9921951F2AE7F35500FAB0CC /* SplashViewModel.swift */ = {isa = PBXFileReference; fileEncoding = 4; lastKnownFileType = sourcecode.swift; path = SplashViewModel.swift; sourceTree = "<group>"; };
		992195202AE7F35500FAB0CC /* Splash.storyboard */ = {isa = PBXFileReference; fileEncoding = 4; lastKnownFileType = file.storyboard; path = Splash.storyboard; sourceTree = "<group>"; };
		992195222AE7F35500FAB0CC /* HeroesList.storyboard */ = {isa = PBXFileReference; fileEncoding = 4; lastKnownFileType = file.storyboard; path = HeroesList.storyboard; sourceTree = "<group>"; };
		992195242AE7F35500FAB0CC /* HeroCellView.xib */ = {isa = PBXFileReference; fileEncoding = 4; lastKnownFileType = file.xib; path = HeroCellView.xib; sourceTree = "<group>"; };
		992195252AE7F35500FAB0CC /* HeroCellView.swift */ = {isa = PBXFileReference; fileEncoding = 4; lastKnownFileType = sourcecode.swift; path = HeroCellView.swift; sourceTree = "<group>"; };
		992195262AE7F35500FAB0CC /* HeroesListViewController.swift */ = {isa = PBXFileReference; fileEncoding = 4; lastKnownFileType = sourcecode.swift; path = HeroesListViewController.swift; sourceTree = "<group>"; };
		992195272AE7F35500FAB0CC /* HeroesListViewModel.swift */ = {isa = PBXFileReference; fileEncoding = 4; lastKnownFileType = sourcecode.swift; path = HeroesListViewModel.swift; sourceTree = "<group>"; };
		9921952A2AE7F35500FAB0CC /* Base */ = {isa = PBXFileReference; lastKnownFileType = file.storyboard; name = Base; path = Base.lproj/LaunchScreen.storyboard; sourceTree = "<group>"; };
		9921952D2AE7F35500FAB0CC /* HeroAnnotation.swift */ = {isa = PBXFileReference; fileEncoding = 4; lastKnownFileType = sourcecode.swift; path = HeroAnnotation.swift; sourceTree = "<group>"; };
		9921952E2AE7F35500FAB0CC /* HeroDetailViewModel.swift */ = {isa = PBXFileReference; fileEncoding = 4; lastKnownFileType = sourcecode.swift; path = HeroDetailViewModel.swift; sourceTree = "<group>"; };
		9921952F2AE7F35500FAB0CC /* HeroDetailViewController.swift */ = {isa = PBXFileReference; fileEncoding = 4; lastKnownFileType = sourcecode.swift; path = HeroDetailViewController.swift; sourceTree = "<group>"; };
		992195302AE7F35500FAB0CC /* HeroDetail.storyboard */ = {isa = PBXFileReference; fileEncoding = 4; lastKnownFileType = file.storyboard; path = HeroDetail.storyboard; sourceTree = "<group>"; };
		992195322AE7F35500FAB0CC /* LoginViewModel.swift */ = {isa = PBXFileReference; fileEncoding = 4; lastKnownFileType = sourcecode.swift; path = LoginViewModel.swift; sourceTree = "<group>"; };
		992195342AE7F35500FAB0CC /* Base */ = {isa = PBXFileReference; lastKnownFileType = file.storyboard; name = Base; path = Base.lproj/Login.storyboard; sourceTree = "<group>"; };
		992195352AE7F35500FAB0CC /* LoginViewController.swift */ = {isa = PBXFileReference; fileEncoding = 4; lastKnownFileType = sourcecode.swift; path = LoginViewController.swift; sourceTree = "<group>"; };
		9921954C2AEA6D5F00FAB0CC /* DragonBall.xcdatamodel */ = {isa = PBXFileReference; lastKnownFileType = wrapper.xcdatamodel; path = DragonBall.xcdatamodel; sourceTree = "<group>"; };
		992195532AEA960000FAB0CC /* HeroDAO.swift */ = {isa = PBXFileReference; lastKnownFileType = sourcecode.swift; path = HeroDAO.swift; sourceTree = "<group>"; };
		992195552AEA960000FAB0CC /* LocationDAO.swift */ = {isa = PBXFileReference; lastKnownFileType = sourcecode.swift; path = LocationDAO.swift; sourceTree = "<group>"; };
/* End PBXFileReference section */

/* Begin PBXFrameworksBuildPhase section */
		992194CA2AE7EEEC00FAB0CC /* Frameworks */ = {
			isa = PBXFrameworksBuildPhase;
			buildActionMask = 2147483647;
			files = (
				992195082AE7F1D200FAB0CC /* Kingfisher in Frameworks */,
				992195052AE7F1A000FAB0CC /* KeychainSwift in Frameworks */,
			);
			runOnlyForDeploymentPostprocessing = 0;
		};
		992194E32AE7EEEE00FAB0CC /* Frameworks */ = {
			isa = PBXFrameworksBuildPhase;
			buildActionMask = 2147483647;
			files = (
			);
			runOnlyForDeploymentPostprocessing = 0;
		};
		992194ED2AE7EEEE00FAB0CC /* Frameworks */ = {
			isa = PBXFrameworksBuildPhase;
			buildActionMask = 2147483647;
			files = (
			);
			runOnlyForDeploymentPostprocessing = 0;
		};
/* End PBXFrameworksBuildPhase section */

/* Begin PBXGroup section */
		992194C42AE7EEEC00FAB0CC = {
			isa = PBXGroup;
			children = (
				992194CF2AE7EEEC00FAB0CC /* iOSAvanzado */,
				992194E92AE7EEEE00FAB0CC /* iOSAvanzadoTests */,
				992194F32AE7EEEE00FAB0CC /* iOSAvanzadoUITests */,
				992194CE2AE7EEEC00FAB0CC /* Products */,
			);
			sourceTree = "<group>";
		};
		992194CE2AE7EEEC00FAB0CC /* Products */ = {
			isa = PBXGroup;
			children = (
				992194CD2AE7EEEC00FAB0CC /* iOSAvanzado.app */,
				992194E62AE7EEEE00FAB0CC /* iOSAvanzadoTests.xctest */,
				992194F02AE7EEEE00FAB0CC /* iOSAvanzadoUITests.xctest */,
			);
			name = Products;
			sourceTree = "<group>";
		};
		992194CF2AE7EEEC00FAB0CC /* iOSAvanzado */ = {
			isa = PBXGroup;
			children = (
				992194D02AE7EEEC00FAB0CC /* AppDelegate.swift */,
				992194D22AE7EEEC00FAB0CC /* SceneDelegate.swift */,
				992194E12AE7EEEE00FAB0CC /* Info.plist */,
				992195092AE7F1EE00FAB0CC /* Resources */,
				9921950A2AE7F21500FAB0CC /* Data */,
				992195162AE7F2F000FAB0CC /* Domain */,
				9921951C2AE7F35500FAB0CC /* Presentation */,
			);
			path = iOSAvanzado;
			sourceTree = "<group>";
		};
		992194E92AE7EEEE00FAB0CC /* iOSAvanzadoTests */ = {
			isa = PBXGroup;
			children = (
				992194EA2AE7EEEE00FAB0CC /* iOSAvanzadoTests.swift */,
			);
			path = iOSAvanzadoTests;
			sourceTree = "<group>";
		};
		992194F32AE7EEEE00FAB0CC /* iOSAvanzadoUITests */ = {
			isa = PBXGroup;
			children = (
				992194F42AE7EEEE00FAB0CC /* iOSAvanzadoUITests.swift */,
				992194F62AE7EEEE00FAB0CC /* iOSAvanzadoUITestsLaunchTests.swift */,
			);
			path = iOSAvanzadoUITests;
			sourceTree = "<group>";
		};
		992195092AE7F1EE00FAB0CC /* Resources */ = {
			isa = PBXGroup;
			children = (
				992194DC2AE7EEEE00FAB0CC /* Assets.xcassets */,
			);
			path = Resources;
			sourceTree = "<group>";
		};
		9921950A2AE7F21500FAB0CC /* Data */ = {
			isa = PBXGroup;
			children = (
				9921950B2AE7F21F00FAB0CC /* Api */,
				9921950C2AE7F22800FAB0CC /* Local */,
			);
			path = Data;
			sourceTree = "<group>";
		};
		9921950B2AE7F21F00FAB0CC /* Api */ = {
			isa = PBXGroup;
			children = (
				9921950D2AE7F23E00FAB0CC /* ApiProvider.swift */,
			);
			path = Api;
			sourceTree = "<group>";
		};
		9921950C2AE7F22800FAB0CC /* Local */ = {
			isa = PBXGroup;
			children = (
				992195132AE7F2BD00FAB0CC /* Models */,
				9921950F2AE7F27B00FAB0CC /* SecureDataProvider.swift */,
				9921954B2AEA6D5F00FAB0CC /* iOSAvanzado.xcdatamodeld */,
			);
			path = Local;
			sourceTree = "<group>";
		};
		992195132AE7F2BD00FAB0CC /* Models */ = {
			isa = PBXGroup;
			children = (
				992195532AEA960000FAB0CC /* HeroDAO.swift */,
				992195552AEA960000FAB0CC /* LocationDAO.swift */,
			);
			path = Models;
			sourceTree = "<group>";
		};
		992195162AE7F2F000FAB0CC /* Domain */ = {
			isa = PBXGroup;
			children = (
				992195172AE7F2FE00FAB0CC /* Models */,
			);
			path = Domain;
			sourceTree = "<group>";
		};
		992195172AE7F2FE00FAB0CC /* Models */ = {
			isa = PBXGroup;
			children = (
				992195182AE7F30D00FAB0CC /* Hero.swift */,
				9921951A2AE7F32200FAB0CC /* HeroLocation.swift */,
			);
			path = Models;
			sourceTree = "<group>";
		};
		9921951C2AE7F35500FAB0CC /* Presentation */ = {
			isa = PBXGroup;
			children = (
				992195282AE7F35500FAB0CC /* Launch */,
				9921951D2AE7F35500FAB0CC /* Splash */,
				992195312AE7F35500FAB0CC /* Login */,
				992195212AE7F35500FAB0CC /* HeroesList */,
				9921952B2AE7F35500FAB0CC /* HeroDetail */,
			);
			path = Presentation;
			sourceTree = "<group>";
		};
		9921951D2AE7F35500FAB0CC /* Splash */ = {
			isa = PBXGroup;
			children = (
				9921951E2AE7F35500FAB0CC /* SplashViewController.swift */,
				9921951F2AE7F35500FAB0CC /* SplashViewModel.swift */,
				992195202AE7F35500FAB0CC /* Splash.storyboard */,
			);
			path = Splash;
			sourceTree = "<group>";
		};
		992195212AE7F35500FAB0CC /* HeroesList */ = {
			isa = PBXGroup;
			children = (
				992195232AE7F35500FAB0CC /* Cells */,
				992195262AE7F35500FAB0CC /* HeroesListViewController.swift */,
				992195272AE7F35500FAB0CC /* HeroesListViewModel.swift */,
				992195222AE7F35500FAB0CC /* HeroesList.storyboard */,
			);
			path = HeroesList;
			sourceTree = "<group>";
		};
		992195232AE7F35500FAB0CC /* Cells */ = {
			isa = PBXGroup;
			children = (
				992195252AE7F35500FAB0CC /* HeroCellView.swift */,
				992195242AE7F35500FAB0CC /* HeroCellView.xib */,
			);
			path = Cells;
			sourceTree = "<group>";
		};
		992195282AE7F35500FAB0CC /* Launch */ = {
			isa = PBXGroup;
			children = (
				992195292AE7F35500FAB0CC /* LaunchScreen.storyboard */,
			);
			path = Launch;
			sourceTree = "<group>";
		};
		9921952B2AE7F35500FAB0CC /* HeroDetail */ = {
			isa = PBXGroup;
			children = (
				9921952C2AE7F35500FAB0CC /* MapAnnotations */,
				9921952F2AE7F35500FAB0CC /* HeroDetailViewController.swift */,
				9921952E2AE7F35500FAB0CC /* HeroDetailViewModel.swift */,
				992195302AE7F35500FAB0CC /* HeroDetail.storyboard */,
			);
			path = HeroDetail;
			sourceTree = "<group>";
		};
		9921952C2AE7F35500FAB0CC /* MapAnnotations */ = {
			isa = PBXGroup;
			children = (
				9921952D2AE7F35500FAB0CC /* HeroAnnotation.swift */,
			);
			path = MapAnnotations;
			sourceTree = "<group>";
		};
		992195312AE7F35500FAB0CC /* Login */ = {
			isa = PBXGroup;
			children = (
				992195352AE7F35500FAB0CC /* LoginViewController.swift */,
				992195322AE7F35500FAB0CC /* LoginViewModel.swift */,
				992195332AE7F35500FAB0CC /* Login.storyboard */,
			);
			path = Login;
			sourceTree = "<group>";
		};
/* End PBXGroup section */

/* Begin PBXNativeTarget section */
		992194CC2AE7EEEC00FAB0CC /* iOSAvanzado */ = {
			isa = PBXNativeTarget;
			buildConfigurationList = 992194FA2AE7EEEE00FAB0CC /* Build configuration list for PBXNativeTarget "iOSAvanzado" */;
			buildPhases = (
				992194C92AE7EEEC00FAB0CC /* Sources */,
				992194CA2AE7EEEC00FAB0CC /* Frameworks */,
				992194CB2AE7EEEC00FAB0CC /* Resources */,
			);
			buildRules = (
			);
			dependencies = (
			);
			name = iOSAvanzado;
			packageProductDependencies = (
				992195042AE7F1A000FAB0CC /* KeychainSwift */,
				992195072AE7F1D200FAB0CC /* Kingfisher */,
			);
			productName = iOSAvanzado;
			productReference = 992194CD2AE7EEEC00FAB0CC /* iOSAvanzado.app */;
			productType = "com.apple.product-type.application";
		};
		992194E52AE7EEEE00FAB0CC /* iOSAvanzadoTests */ = {
			isa = PBXNativeTarget;
			buildConfigurationList = 992194FD2AE7EEEE00FAB0CC /* Build configuration list for PBXNativeTarget "iOSAvanzadoTests" */;
			buildPhases = (
				992194E22AE7EEEE00FAB0CC /* Sources */,
				992194E32AE7EEEE00FAB0CC /* Frameworks */,
				992194E42AE7EEEE00FAB0CC /* Resources */,
			);
			buildRules = (
			);
			dependencies = (
				992194E82AE7EEEE00FAB0CC /* PBXTargetDependency */,
			);
			name = iOSAvanzadoTests;
			productName = iOSAvanzadoTests;
			productReference = 992194E62AE7EEEE00FAB0CC /* iOSAvanzadoTests.xctest */;
			productType = "com.apple.product-type.bundle.unit-test";
		};
		992194EF2AE7EEEE00FAB0CC /* iOSAvanzadoUITests */ = {
			isa = PBXNativeTarget;
			buildConfigurationList = 992195002AE7EEEE00FAB0CC /* Build configuration list for PBXNativeTarget "iOSAvanzadoUITests" */;
			buildPhases = (
				992194EC2AE7EEEE00FAB0CC /* Sources */,
				992194ED2AE7EEEE00FAB0CC /* Frameworks */,
				992194EE2AE7EEEE00FAB0CC /* Resources */,
			);
			buildRules = (
			);
			dependencies = (
				992194F22AE7EEEE00FAB0CC /* PBXTargetDependency */,
			);
			name = iOSAvanzadoUITests;
			productName = iOSAvanzadoUITests;
			productReference = 992194F02AE7EEEE00FAB0CC /* iOSAvanzadoUITests.xctest */;
			productType = "com.apple.product-type.bundle.ui-testing";
		};
/* End PBXNativeTarget section */

/* Begin PBXProject section */
		992194C52AE7EEEC00FAB0CC /* Project object */ = {
			isa = PBXProject;
			attributes = {
				BuildIndependentTargetsInParallel = 1;
				LastSwiftUpdateCheck = 1500;
				LastUpgradeCheck = 1500;
				TargetAttributes = {
					992194CC2AE7EEEC00FAB0CC = {
						CreatedOnToolsVersion = 15.0.1;
					};
					992194E52AE7EEEE00FAB0CC = {
						CreatedOnToolsVersion = 15.0.1;
						TestTargetID = 992194CC2AE7EEEC00FAB0CC;
					};
					992194EF2AE7EEEE00FAB0CC = {
						CreatedOnToolsVersion = 15.0.1;
						TestTargetID = 992194CC2AE7EEEC00FAB0CC;
					};
				};
			};
			buildConfigurationList = 992194C82AE7EEEC00FAB0CC /* Build configuration list for PBXProject "iOSAvanzado" */;
			compatibilityVersion = "Xcode 14.0";
			developmentRegion = en;
			hasScannedForEncodings = 0;
			knownRegions = (
				en,
				Base,
			);
			mainGroup = 992194C42AE7EEEC00FAB0CC;
			packageReferences = (
				992195032AE7F1A000FAB0CC /* XCRemoteSwiftPackageReference "keychain-swift" */,
				992195062AE7F1D200FAB0CC /* XCRemoteSwiftPackageReference "Kingfisher" */,
			);
			productRefGroup = 992194CE2AE7EEEC00FAB0CC /* Products */;
			projectDirPath = "";
			projectRoot = "";
			targets = (
				992194CC2AE7EEEC00FAB0CC /* iOSAvanzado */,
				992194E52AE7EEEE00FAB0CC /* iOSAvanzadoTests */,
				992194EF2AE7EEEE00FAB0CC /* iOSAvanzadoUITests */,
			);
		};
/* End PBXProject section */

/* Begin PBXResourcesBuildPhase section */
		992194CB2AE7EEEC00FAB0CC /* Resources */ = {
			isa = PBXResourcesBuildPhase;
			buildActionMask = 2147483647;
			files = (
				992195442AE7F35500FAB0CC /* Login.storyboard in Resources */,
				9921953A2AE7F35500FAB0CC /* HeroCellView.xib in Resources */,
				992194DD2AE7EEEE00FAB0CC /* Assets.xcassets in Resources */,
				992195422AE7F35500FAB0CC /* HeroDetail.storyboard in Resources */,
				9921953E2AE7F35500FAB0CC /* LaunchScreen.storyboard in Resources */,
				992195392AE7F35500FAB0CC /* HeroesList.storyboard in Resources */,
				992195382AE7F35500FAB0CC /* Splash.storyboard in Resources */,
			);
			runOnlyForDeploymentPostprocessing = 0;
		};
		992194E42AE7EEEE00FAB0CC /* Resources */ = {
			isa = PBXResourcesBuildPhase;
			buildActionMask = 2147483647;
			files = (
			);
			runOnlyForDeploymentPostprocessing = 0;
		};
		992194EE2AE7EEEE00FAB0CC /* Resources */ = {
			isa = PBXResourcesBuildPhase;
			buildActionMask = 2147483647;
			files = (
			);
			runOnlyForDeploymentPostprocessing = 0;
		};
/* End PBXResourcesBuildPhase section */

/* Begin PBXSourcesBuildPhase section */
		992194C92AE7EEEC00FAB0CC /* Sources */ = {
			isa = PBXSourcesBuildPhase;
			buildActionMask = 2147483647;
			files = (
				9921951B2AE7F32200FAB0CC /* HeroLocation.swift in Sources */,
				992195372AE7F35500FAB0CC /* SplashViewModel.swift in Sources */,
				992195192AE7F30D00FAB0CC /* Hero.swift in Sources */,
				9921953B2AE7F35500FAB0CC /* HeroCellView.swift in Sources */,
				992194D12AE7EEEC00FAB0CC /* AppDelegate.swift in Sources */,
				992195452AE7F35500FAB0CC /* LoginViewController.swift in Sources */,
				9921953F2AE7F35500FAB0CC /* HeroAnnotation.swift in Sources */,
				9921950E2AE7F23E00FAB0CC /* ApiProvider.swift in Sources */,
				992195592AEA960000FAB0CC /* LocationDAO.swift in Sources */,
				992194D32AE7EEEC00FAB0CC /* SceneDelegate.swift in Sources */,
				9921953D2AE7F35500FAB0CC /* HeroesListViewModel.swift in Sources */,
				992195572AEA960000FAB0CC /* HeroDAO.swift in Sources */,
				9921953C2AE7F35500FAB0CC /* HeroesListViewController.swift in Sources */,
				992195102AE7F27B00FAB0CC /* SecureDataProvider.swift in Sources */,
				992195412AE7F35500FAB0CC /* HeroDetailViewController.swift in Sources */,
				992195362AE7F35500FAB0CC /* SplashViewController.swift in Sources */,
				9921954D2AEA6D5F00FAB0CC /* iOSAvanzado.xcdatamodeld in Sources */,
				992195432AE7F35500FAB0CC /* LoginViewModel.swift in Sources */,
				992195402AE7F35500FAB0CC /* HeroDetailViewModel.swift in Sources */,
			);
			runOnlyForDeploymentPostprocessing = 0;
		};
		992194E22AE7EEEE00FAB0CC /* Sources */ = {
			isa = PBXSourcesBuildPhase;
			buildActionMask = 2147483647;
			files = (
				992194EB2AE7EEEE00FAB0CC /* iOSAvanzadoTests.swift in Sources */,
			);
			runOnlyForDeploymentPostprocessing = 0;
		};
		992194EC2AE7EEEE00FAB0CC /* Sources */ = {
			isa = PBXSourcesBuildPhase;
			buildActionMask = 2147483647;
			files = (
				992194F72AE7EEEE00FAB0CC /* iOSAvanzadoUITestsLaunchTests.swift in Sources */,
				992194F52AE7EEEE00FAB0CC /* iOSAvanzadoUITests.swift in Sources */,
			);
			runOnlyForDeploymentPostprocessing = 0;
		};
/* End PBXSourcesBuildPhase section */

/* Begin PBXTargetDependency section */
		992194E82AE7EEEE00FAB0CC /* PBXTargetDependency */ = {
			isa = PBXTargetDependency;
			target = 992194CC2AE7EEEC00FAB0CC /* iOSAvanzado */;
			targetProxy = 992194E72AE7EEEE00FAB0CC /* PBXContainerItemProxy */;
		};
		992194F22AE7EEEE00FAB0CC /* PBXTargetDependency */ = {
			isa = PBXTargetDependency;
			target = 992194CC2AE7EEEC00FAB0CC /* iOSAvanzado */;
			targetProxy = 992194F12AE7EEEE00FAB0CC /* PBXContainerItemProxy */;
		};
/* End PBXTargetDependency section */

/* Begin PBXVariantGroup section */
		992195292AE7F35500FAB0CC /* LaunchScreen.storyboard */ = {
			isa = PBXVariantGroup;
			children = (
				9921952A2AE7F35500FAB0CC /* Base */,
			);
			name = LaunchScreen.storyboard;
			sourceTree = "<group>";
		};
		992195332AE7F35500FAB0CC /* Login.storyboard */ = {
			isa = PBXVariantGroup;
			children = (
				992195342AE7F35500FAB0CC /* Base */,
			);
			name = Login.storyboard;
			sourceTree = "<group>";
		};
/* End PBXVariantGroup section */

/* Begin XCBuildConfiguration section */
		992194F82AE7EEEE00FAB0CC /* Debug */ = {
			isa = XCBuildConfiguration;
			buildSettings = {
				ALWAYS_SEARCH_USER_PATHS = NO;
				ASSETCATALOG_COMPILER_GENERATE_SWIFT_ASSET_SYMBOL_EXTENSIONS = YES;
				CLANG_ANALYZER_NONNULL = YES;
				CLANG_ANALYZER_NUMBER_OBJECT_CONVERSION = YES_AGGRESSIVE;
				CLANG_CXX_LANGUAGE_STANDARD = "gnu++20";
				CLANG_ENABLE_MODULES = YES;
				CLANG_ENABLE_OBJC_ARC = YES;
				CLANG_ENABLE_OBJC_WEAK = YES;
				CLANG_WARN_BLOCK_CAPTURE_AUTORELEASING = YES;
				CLANG_WARN_BOOL_CONVERSION = YES;
				CLANG_WARN_COMMA = YES;
				CLANG_WARN_CONSTANT_CONVERSION = YES;
				CLANG_WARN_DEPRECATED_OBJC_IMPLEMENTATIONS = YES;
				CLANG_WARN_DIRECT_OBJC_ISA_USAGE = YES_ERROR;
				CLANG_WARN_DOCUMENTATION_COMMENTS = YES;
				CLANG_WARN_EMPTY_BODY = YES;
				CLANG_WARN_ENUM_CONVERSION = YES;
				CLANG_WARN_INFINITE_RECURSION = YES;
				CLANG_WARN_INT_CONVERSION = YES;
				CLANG_WARN_NON_LITERAL_NULL_CONVERSION = YES;
				CLANG_WARN_OBJC_IMPLICIT_RETAIN_SELF = YES;
				CLANG_WARN_OBJC_LITERAL_CONVERSION = YES;
				CLANG_WARN_OBJC_ROOT_CLASS = YES_ERROR;
				CLANG_WARN_QUOTED_INCLUDE_IN_FRAMEWORK_HEADER = YES;
				CLANG_WARN_RANGE_LOOP_ANALYSIS = YES;
				CLANG_WARN_STRICT_PROTOTYPES = YES;
				CLANG_WARN_SUSPICIOUS_MOVE = YES;
				CLANG_WARN_UNGUARDED_AVAILABILITY = YES_AGGRESSIVE;
				CLANG_WARN_UNREACHABLE_CODE = YES;
				CLANG_WARN__DUPLICATE_METHOD_MATCH = YES;
				COPY_PHASE_STRIP = NO;
				DEBUG_INFORMATION_FORMAT = dwarf;
				ENABLE_STRICT_OBJC_MSGSEND = YES;
				ENABLE_TESTABILITY = YES;
				ENABLE_USER_SCRIPT_SANDBOXING = YES;
				GCC_C_LANGUAGE_STANDARD = gnu17;
				GCC_DYNAMIC_NO_PIC = NO;
				GCC_NO_COMMON_BLOCKS = YES;
				GCC_OPTIMIZATION_LEVEL = 0;
				GCC_PREPROCESSOR_DEFINITIONS = (
					"DEBUG=1",
					"$(inherited)",
				);
				GCC_WARN_64_TO_32_BIT_CONVERSION = YES;
				GCC_WARN_ABOUT_RETURN_TYPE = YES_ERROR;
				GCC_WARN_UNDECLARED_SELECTOR = YES;
				GCC_WARN_UNINITIALIZED_AUTOS = YES_AGGRESSIVE;
				GCC_WARN_UNUSED_FUNCTION = YES;
				GCC_WARN_UNUSED_VARIABLE = YES;
				IPHONEOS_DEPLOYMENT_TARGET = 17.0;
				LOCALIZATION_PREFERS_STRING_CATALOGS = YES;
				MTL_ENABLE_DEBUG_INFO = INCLUDE_SOURCE;
				MTL_FAST_MATH = YES;
				ONLY_ACTIVE_ARCH = YES;
				SDKROOT = iphoneos;
				SWIFT_ACTIVE_COMPILATION_CONDITIONS = "DEBUG $(inherited)";
				SWIFT_OPTIMIZATION_LEVEL = "-Onone";
			};
			name = Debug;
		};
		992194F92AE7EEEE00FAB0CC /* Release */ = {
			isa = XCBuildConfiguration;
			buildSettings = {
				ALWAYS_SEARCH_USER_PATHS = NO;
				ASSETCATALOG_COMPILER_GENERATE_SWIFT_ASSET_SYMBOL_EXTENSIONS = YES;
				CLANG_ANALYZER_NONNULL = YES;
				CLANG_ANALYZER_NUMBER_OBJECT_CONVERSION = YES_AGGRESSIVE;
				CLANG_CXX_LANGUAGE_STANDARD = "gnu++20";
				CLANG_ENABLE_MODULES = YES;
				CLANG_ENABLE_OBJC_ARC = YES;
				CLANG_ENABLE_OBJC_WEAK = YES;
				CLANG_WARN_BLOCK_CAPTURE_AUTORELEASING = YES;
				CLANG_WARN_BOOL_CONVERSION = YES;
				CLANG_WARN_COMMA = YES;
				CLANG_WARN_CONSTANT_CONVERSION = YES;
				CLANG_WARN_DEPRECATED_OBJC_IMPLEMENTATIONS = YES;
				CLANG_WARN_DIRECT_OBJC_ISA_USAGE = YES_ERROR;
				CLANG_WARN_DOCUMENTATION_COMMENTS = YES;
				CLANG_WARN_EMPTY_BODY = YES;
				CLANG_WARN_ENUM_CONVERSION = YES;
				CLANG_WARN_INFINITE_RECURSION = YES;
				CLANG_WARN_INT_CONVERSION = YES;
				CLANG_WARN_NON_LITERAL_NULL_CONVERSION = YES;
				CLANG_WARN_OBJC_IMPLICIT_RETAIN_SELF = YES;
				CLANG_WARN_OBJC_LITERAL_CONVERSION = YES;
				CLANG_WARN_OBJC_ROOT_CLASS = YES_ERROR;
				CLANG_WARN_QUOTED_INCLUDE_IN_FRAMEWORK_HEADER = YES;
				CLANG_WARN_RANGE_LOOP_ANALYSIS = YES;
				CLANG_WARN_STRICT_PROTOTYPES = YES;
				CLANG_WARN_SUSPICIOUS_MOVE = YES;
				CLANG_WARN_UNGUARDED_AVAILABILITY = YES_AGGRESSIVE;
				CLANG_WARN_UNREACHABLE_CODE = YES;
				CLANG_WARN__DUPLICATE_METHOD_MATCH = YES;
				COPY_PHASE_STRIP = NO;
				DEBUG_INFORMATION_FORMAT = "dwarf-with-dsym";
				ENABLE_NS_ASSERTIONS = NO;
				ENABLE_STRICT_OBJC_MSGSEND = YES;
				ENABLE_USER_SCRIPT_SANDBOXING = YES;
				GCC_C_LANGUAGE_STANDARD = gnu17;
				GCC_NO_COMMON_BLOCKS = YES;
				GCC_WARN_64_TO_32_BIT_CONVERSION = YES;
				GCC_WARN_ABOUT_RETURN_TYPE = YES_ERROR;
				GCC_WARN_UNDECLARED_SELECTOR = YES;
				GCC_WARN_UNINITIALIZED_AUTOS = YES_AGGRESSIVE;
				GCC_WARN_UNUSED_FUNCTION = YES;
				GCC_WARN_UNUSED_VARIABLE = YES;
				IPHONEOS_DEPLOYMENT_TARGET = 17.0;
				LOCALIZATION_PREFERS_STRING_CATALOGS = YES;
				MTL_ENABLE_DEBUG_INFO = NO;
				MTL_FAST_MATH = YES;
				SDKROOT = iphoneos;
				SWIFT_COMPILATION_MODE = wholemodule;
				VALIDATE_PRODUCT = YES;
			};
			name = Release;
		};
		992194FB2AE7EEEE00FAB0CC /* Debug */ = {
			isa = XCBuildConfiguration;
			buildSettings = {
				ASSETCATALOG_COMPILER_APPICON_NAME = AppIcon;
				ASSETCATALOG_COMPILER_GLOBAL_ACCENT_COLOR_NAME = AccentColor;
				CODE_SIGN_STYLE = Automatic;
				CURRENT_PROJECT_VERSION = 1;
				DEVELOPMENT_TEAM = 5564KY6MVJ;
				GENERATE_INFOPLIST_FILE = YES;
				INFOPLIST_FILE = iOSAvanzado/Info.plist;
				INFOPLIST_KEY_UIApplicationSupportsIndirectInputEvents = YES;
				INFOPLIST_KEY_UILaunchStoryboardName = LaunchScreen;
				INFOPLIST_KEY_UISupportedInterfaceOrientations_iPad = "UIInterfaceOrientationPortrait UIInterfaceOrientationPortraitUpsideDown UIInterfaceOrientationLandscapeLeft UIInterfaceOrientationLandscapeRight";
				INFOPLIST_KEY_UISupportedInterfaceOrientations_iPhone = "UIInterfaceOrientationPortrait UIInterfaceOrientationLandscapeLeft UIInterfaceOrientationLandscapeRight";
				LD_RUNPATH_SEARCH_PATHS = (
					"$(inherited)",
					"@executable_path/Frameworks",
				);
				MARKETING_VERSION = 1.0;
				PRODUCT_BUNDLE_IDENTIFIER = com.dgonzalo.iOSAvanzado;
				PRODUCT_NAME = "$(TARGET_NAME)";
				SWIFT_EMIT_LOC_STRINGS = YES;
				SWIFT_VERSION = 5.0;
				TARGETED_DEVICE_FAMILY = "1,2";
			};
			name = Debug;
		};
		992194FC2AE7EEEE00FAB0CC /* Release */ = {
			isa = XCBuildConfiguration;
			buildSettings = {
				ASSETCATALOG_COMPILER_APPICON_NAME = AppIcon;
				ASSETCATALOG_COMPILER_GLOBAL_ACCENT_COLOR_NAME = AccentColor;
				CODE_SIGN_STYLE = Automatic;
				CURRENT_PROJECT_VERSION = 1;
				DEVELOPMENT_TEAM = 5564KY6MVJ;
				GENERATE_INFOPLIST_FILE = YES;
				INFOPLIST_FILE = iOSAvanzado/Info.plist;
				INFOPLIST_KEY_UIApplicationSupportsIndirectInputEvents = YES;
				INFOPLIST_KEY_UILaunchStoryboardName = LaunchScreen;
				INFOPLIST_KEY_UISupportedInterfaceOrientations_iPad = "UIInterfaceOrientationPortrait UIInterfaceOrientationPortraitUpsideDown UIInterfaceOrientationLandscapeLeft UIInterfaceOrientationLandscapeRight";
				INFOPLIST_KEY_UISupportedInterfaceOrientations_iPhone = "UIInterfaceOrientationPortrait UIInterfaceOrientationLandscapeLeft UIInterfaceOrientationLandscapeRight";
				LD_RUNPATH_SEARCH_PATHS = (
					"$(inherited)",
					"@executable_path/Frameworks",
				);
				MARKETING_VERSION = 1.0;
				PRODUCT_BUNDLE_IDENTIFIER = com.dgonzalo.iOSAvanzado;
				PRODUCT_NAME = "$(TARGET_NAME)";
				SWIFT_EMIT_LOC_STRINGS = YES;
				SWIFT_VERSION = 5.0;
				TARGETED_DEVICE_FAMILY = "1,2";
			};
			name = Release;
		};
		992194FE2AE7EEEE00FAB0CC /* Debug */ = {
			isa = XCBuildConfiguration;
			buildSettings = {
				ALWAYS_EMBED_SWIFT_STANDARD_LIBRARIES = YES;
				BUNDLE_LOADER = "$(TEST_HOST)";
				CODE_SIGN_STYLE = Automatic;
				CURRENT_PROJECT_VERSION = 1;
				DEVELOPMENT_TEAM = 5564KY6MVJ;
				GENERATE_INFOPLIST_FILE = YES;
				IPHONEOS_DEPLOYMENT_TARGET = 17.0;
				MARKETING_VERSION = 1.0;
				PRODUCT_BUNDLE_IDENTIFIER = com.dgonzalo.iOSAvanzadoTests;
				PRODUCT_NAME = "$(TARGET_NAME)";
				SWIFT_EMIT_LOC_STRINGS = NO;
				SWIFT_VERSION = 5.0;
				TARGETED_DEVICE_FAMILY = "1,2";
				TEST_HOST = "$(BUILT_PRODUCTS_DIR)/iOSAvanzado.app/$(BUNDLE_EXECUTABLE_FOLDER_PATH)/iOSAvanzado";
			};
			name = Debug;
		};
		992194FF2AE7EEEE00FAB0CC /* Release */ = {
			isa = XCBuildConfiguration;
			buildSettings = {
				ALWAYS_EMBED_SWIFT_STANDARD_LIBRARIES = YES;
				BUNDLE_LOADER = "$(TEST_HOST)";
				CODE_SIGN_STYLE = Automatic;
				CURRENT_PROJECT_VERSION = 1;
				DEVELOPMENT_TEAM = 5564KY6MVJ;
				GENERATE_INFOPLIST_FILE = YES;
				IPHONEOS_DEPLOYMENT_TARGET = 17.0;
				MARKETING_VERSION = 1.0;
				PRODUCT_BUNDLE_IDENTIFIER = com.dgonzalo.iOSAvanzadoTests;
				PRODUCT_NAME = "$(TARGET_NAME)";
				SWIFT_EMIT_LOC_STRINGS = NO;
				SWIFT_VERSION = 5.0;
				TARGETED_DEVICE_FAMILY = "1,2";
				TEST_HOST = "$(BUILT_PRODUCTS_DIR)/iOSAvanzado.app/$(BUNDLE_EXECUTABLE_FOLDER_PATH)/iOSAvanzado";
			};
			name = Release;
		};
		992195012AE7EEEE00FAB0CC /* Debug */ = {
			isa = XCBuildConfiguration;
			buildSettings = {
				ALWAYS_EMBED_SWIFT_STANDARD_LIBRARIES = YES;
				CODE_SIGN_STYLE = Automatic;
				CURRENT_PROJECT_VERSION = 1;
				DEVELOPMENT_TEAM = 5564KY6MVJ;
				GENERATE_INFOPLIST_FILE = YES;
				MARKETING_VERSION = 1.0;
				PRODUCT_BUNDLE_IDENTIFIER = com.dgonzalo.iOSAvanzadoUITests;
				PRODUCT_NAME = "$(TARGET_NAME)";
				SWIFT_EMIT_LOC_STRINGS = NO;
				SWIFT_VERSION = 5.0;
				TARGETED_DEVICE_FAMILY = "1,2";
				TEST_TARGET_NAME = iOSAvanzado;
			};
			name = Debug;
		};
		992195022AE7EEEE00FAB0CC /* Release */ = {
			isa = XCBuildConfiguration;
			buildSettings = {
				ALWAYS_EMBED_SWIFT_STANDARD_LIBRARIES = YES;
				CODE_SIGN_STYLE = Automatic;
				CURRENT_PROJECT_VERSION = 1;
				DEVELOPMENT_TEAM = 5564KY6MVJ;
				GENERATE_INFOPLIST_FILE = YES;
				MARKETING_VERSION = 1.0;
				PRODUCT_BUNDLE_IDENTIFIER = com.dgonzalo.iOSAvanzadoUITests;
				PRODUCT_NAME = "$(TARGET_NAME)";
				SWIFT_EMIT_LOC_STRINGS = NO;
				SWIFT_VERSION = 5.0;
				TARGETED_DEVICE_FAMILY = "1,2";
				TEST_TARGET_NAME = iOSAvanzado;
			};
			name = Release;
		};
/* End XCBuildConfiguration section */

/* Begin XCConfigurationList section */
		992194C82AE7EEEC00FAB0CC /* Build configuration list for PBXProject "iOSAvanzado" */ = {
			isa = XCConfigurationList;
			buildConfigurations = (
				992194F82AE7EEEE00FAB0CC /* Debug */,
				992194F92AE7EEEE00FAB0CC /* Release */,
			);
			defaultConfigurationIsVisible = 0;
			defaultConfigurationName = Release;
		};
		992194FA2AE7EEEE00FAB0CC /* Build configuration list for PBXNativeTarget "iOSAvanzado" */ = {
			isa = XCConfigurationList;
			buildConfigurations = (
				992194FB2AE7EEEE00FAB0CC /* Debug */,
				992194FC2AE7EEEE00FAB0CC /* Release */,
			);
			defaultConfigurationIsVisible = 0;
			defaultConfigurationName = Release;
		};
		992194FD2AE7EEEE00FAB0CC /* Build configuration list for PBXNativeTarget "iOSAvanzadoTests" */ = {
			isa = XCConfigurationList;
			buildConfigurations = (
				992194FE2AE7EEEE00FAB0CC /* Debug */,
				992194FF2AE7EEEE00FAB0CC /* Release */,
			);
			defaultConfigurationIsVisible = 0;
			defaultConfigurationName = Release;
		};
		992195002AE7EEEE00FAB0CC /* Build configuration list for PBXNativeTarget "iOSAvanzadoUITests" */ = {
			isa = XCConfigurationList;
			buildConfigurations = (
				992195012AE7EEEE00FAB0CC /* Debug */,
				992195022AE7EEEE00FAB0CC /* Release */,
			);
			defaultConfigurationIsVisible = 0;
			defaultConfigurationName = Release;
		};
/* End XCConfigurationList section */

/* Begin XCRemoteSwiftPackageReference section */
		992195032AE7F1A000FAB0CC /* XCRemoteSwiftPackageReference "keychain-swift" */ = {
			isa = XCRemoteSwiftPackageReference;
			repositoryURL = "https://github.com/evgenyneu/keychain-swift";
			requirement = {
				kind = upToNextMinorVersion;
				minimumVersion = 20.0.0;
			};
		};
		992195062AE7F1D200FAB0CC /* XCRemoteSwiftPackageReference "Kingfisher" */ = {
			isa = XCRemoteSwiftPackageReference;
			repositoryURL = "https://github.com/onevcat/Kingfisher.git";
			requirement = {
				kind = upToNextMinorVersion;
				minimumVersion = 7.9.1;
			};
		};
/* End XCRemoteSwiftPackageReference section */

/* Begin XCSwiftPackageProductDependency section */
		992195042AE7F1A000FAB0CC /* KeychainSwift */ = {
			isa = XCSwiftPackageProductDependency;
			package = 992195032AE7F1A000FAB0CC /* XCRemoteSwiftPackageReference "keychain-swift" */;
			productName = KeychainSwift;
		};
		992195072AE7F1D200FAB0CC /* Kingfisher */ = {
			isa = XCSwiftPackageProductDependency;
			package = 992195062AE7F1D200FAB0CC /* XCRemoteSwiftPackageReference "Kingfisher" */;
			productName = Kingfisher;
		};
/* End XCSwiftPackageProductDependency section */

/* Begin XCVersionGroup section */
		9921954B2AEA6D5F00FAB0CC /* iOSAvanzado.xcdatamodeld */ = {
			isa = XCVersionGroup;
			children = (
				9921954C2AEA6D5F00FAB0CC /* DragonBall.xcdatamodel */,
			);
			currentVersion = 9921954C2AEA6D5F00FAB0CC /* DragonBall.xcdatamodel */;
			name = iOSAvanzado.xcdatamodeld;
			path = ../iOSAvanzado.xcdatamodeld;
			sourceTree = "<group>";
			versionGroupType = wrapper.xcdatamodel;
		};
/* End XCVersionGroup section */
	};
	rootObject = 992194C52AE7EEEC00FAB0CC /* Project object */;
}
